
Microsoft Visual Studio Solution File, Format Version 12.00
# Visual Studio Version 17
VisualStudioVersion = 17.7.34202.233
MinimumVisualStudioVersion = 10.0.40219.1
Project("{FAE04EC0-301F-11D3-BF4B-00C04F79EFBC}") = "JuegoDeCartas", "JuegoDeCartas\JuegoDeCartas.csproj", "{98A17049-C4F1-4B67-A37C-0D3123CBA81E}"
EndProject
Global
	GlobalSection(SolutionConfigurationPlatforms) = preSolution
		Debug|Any CPU = Debug|Any CPU
		Release|Any CPU = Release|Any CPU
	EndGlobalSection
	GlobalSection(ProjectConfigurationPlatforms) = postSolution
		{98A17049-C4F1-4B67-A37C-0D3123CBA81E}.Debug|Any CPU.ActiveCfg = Debug|Any CPU
		{98A17049-C4F1-4B67-A37C-0D3123CBA81E}.Debug|Any CPU.Build.0 = Debug|Any CPU
		{98A17049-C4F1-4B67-A37C-0D3123CBA81E}.Release|Any CPU.ActiveCfg = Release|Any CPU
		{98A17049-C4F1-4B67-A37C-0D3123CBA81E}.Release|Any CPU.Build.0 = Release|Any CPU
	EndGlobalSection
	GlobalSection(SolutionProperties) = preSolution
		HideSolutionNode = FALSE
	EndGlobalSection
	GlobalSection(ExtensibilityGlobals) = postSolution
		SolutionGuid = {2972BF2F-3B3A-4127-8EC4-246DF319FE2B}
	EndGlobalSection
EndGlobal
